
Microsoft Visual Studio Solution File, Format Version 12.00
# Visual Studio Version 16
VisualStudioVersion = 16.0.30804.86
MinimumVisualStudioVersion = 10.0.40219.1
Project("{FAE04EC0-301F-11D3-BF4B-00C04F79EFBC}") = "Practice2", "Practice2\Practice2.csproj", "{CC833CB2-0A69-4C0D-9C91-D19026A3A740}"
EndProject
Global
	GlobalSection(SolutionConfigurationPlatforms) = preSolution
		Debug|Any CPU = Debug|Any CPU
		Release|Any CPU = Release|Any CPU
	EndGlobalSection
	GlobalSection(ProjectConfigurationPlatforms) = postSolution
		{CC833CB2-0A69-4C0D-9C91-D19026A3A740}.Debug|Any CPU.ActiveCfg = Debug|Any CPU
		{CC833CB2-0A69-4C0D-9C91-D19026A3A740}.Debug|Any CPU.Build.0 = Debug|Any CPU
		{CC833CB2-0A69-4C0D-9C91-D19026A3A740}.Release|Any CPU.ActiveCfg = Release|Any CPU
		{CC833CB2-0A69-4C0D-9C91-D19026A3A740}.Release|Any CPU.Build.0 = Release|Any CPU
	EndGlobalSection
	GlobalSection(SolutionProperties) = preSolution
		HideSolutionNode = FALSE
	EndGlobalSection
	GlobalSection(ExtensibilityGlobals) = postSolution
		SolutionGuid = {CB046FF3-0F88-416E-A8BB-C264FCE00A7A}
	EndGlobalSection
EndGlobal
